
Microsoft Visual Studio Solution File, Format Version 9.00
# Visual Studio 2005
Project("{FAE04EC0-301F-11D3-BF4B-00C04F79EFBC}") = "BankApplicationForm", "BankApplicationForm\BankApplicationForm.csproj", "{985672FB-7D2C-4016-BF14-91F917FCA9FD}"
EndProject
Global
	GlobalSection(SolutionConfigurationPlatforms) = preSolution
		Debug|Any CPU = Debug|Any CPU
		Release|Any CPU = Release|Any CPU
	EndGlobalSection
	GlobalSection(ProjectConfigurationPlatforms) = postSolution
		{985672FB-7D2C-4016-BF14-91F917FCA9FD}.Debug|Any CPU.ActiveCfg = Debug|Any CPU
		{985672FB-7D2C-4016-BF14-91F917FCA9FD}.Debug|Any CPU.Build.0 = Debug|Any CPU
		{985672FB-7D2C-4016-BF14-91F917FCA9FD}.Release|Any CPU.ActiveCfg = Release|Any CPU
		{985672FB-7D2C-4016-BF14-91F917FCA9FD}.Release|Any CPU.Build.0 = Release|Any CPU
	EndGlobalSection
	GlobalSection(SolutionProperties) = preSolution
		HideSolutionNode = FALSE
	EndGlobalSection
EndGlobal
