
Microsoft Visual Studio Solution File, Format Version 9.00
# Visual Studio 2005
Project("{FAE04EC0-301F-11D3-BF4B-00C04F79EFBC}") = "StackUsingArrays", "StackUsingArrays\StackUsingArrays.csproj", "{74B48EB4-57EE-4943-9100-F933EC729C12}"
EndProject
Global
	GlobalSection(SolutionConfigurationPlatforms) = preSolution
		Debug|Any CPU = Debug|Any CPU
		Release|Any CPU = Release|Any CPU
	EndGlobalSection
	GlobalSection(ProjectConfigurationPlatforms) = postSolution
		{74B48EB4-57EE-4943-9100-F933EC729C12}.Debug|Any CPU.ActiveCfg = Debug|Any CPU
		{74B48EB4-57EE-4943-9100-F933EC729C12}.Debug|Any CPU.Build.0 = Debug|Any CPU
		{74B48EB4-57EE-4943-9100-F933EC729C12}.Release|Any CPU.ActiveCfg = Release|Any CPU
		{74B48EB4-57EE-4943-9100-F933EC729C12}.Release|Any CPU.Build.0 = Release|Any CPU
	EndGlobalSection
	GlobalSection(SolutionProperties) = preSolution
		HideSolutionNode = FALSE
	EndGlobalSection
EndGlobal
