
Microsoft Visual Studio Solution File, Format Version 9.00
# Visual Studio 2005
Project("{FAE04EC0-301F-11D3-BF4B-00C04F79EFBC}") = "LoginForm", "LoginForm\LoginForm.csproj", "{75998C22-D374-486B-B3D4-A57D77C73D4E}"
EndProject
Global
	GlobalSection(SolutionConfigurationPlatforms) = preSolution
		Debug|Any CPU = Debug|Any CPU
		Release|Any CPU = Release|Any CPU
	EndGlobalSection
	GlobalSection(ProjectConfigurationPlatforms) = postSolution
		{75998C22-D374-486B-B3D4-A57D77C73D4E}.Debug|Any CPU.ActiveCfg = Debug|Any CPU
		{75998C22-D374-486B-B3D4-A57D77C73D4E}.Debug|Any CPU.Build.0 = Debug|Any CPU
		{75998C22-D374-486B-B3D4-A57D77C73D4E}.Release|Any CPU.ActiveCfg = Release|Any CPU
		{75998C22-D374-486B-B3D4-A57D77C73D4E}.Release|Any CPU.Build.0 = Release|Any CPU
	EndGlobalSection
	GlobalSection(SolutionProperties) = preSolution
		HideSolutionNode = FALSE
	EndGlobalSection
EndGlobal
